// !$*UTF8*$!
{
	archiveVersion = 1;
	classes = {
	};
	objectVersion = 46;
	objects = {

/* Begin PBXBuildFile section */
		A19C70D01993724F0027DE51 /* WKTParser.m in Sources */ = {isa = PBXBuildFile; fileRef = A19C70CD1993724F0027DE51 /* WKTParser.m */; };
		A19C70D11993724F0027DE51 /* WKTString.m in Sources */ = {isa = PBXBuildFile; fileRef = A19C70CF1993724F0027DE51 /* WKTString.m */; };
		A19C70E0199372700027DE51 /* WKTGeometry.m in Sources */ = {isa = PBXBuildFile; fileRef = A19C70D3199372700027DE51 /* WKTGeometry.m */; };
		A19C70E1199372700027DE51 /* WKTLine.m in Sources */ = {isa = PBXBuildFile; fileRef = A19C70D5199372700027DE51 /* WKTLine.m */; };
		A19C70E2199372700027DE51 /* WKTLineM.m in Sources */ = {isa = PBXBuildFile; fileRef = A19C70D7199372700027DE51 /* WKTLineM.m */; };
		A19C70E3199372700027DE51 /* WKTPoint.m in Sources */ = {isa = PBXBuildFile; fileRef = A19C70D9199372700027DE51 /* WKTPoint.m */; };
		A19C70E4199372700027DE51 /* WKTPointM.m in Sources */ = {isa = PBXBuildFile; fileRef = A19C70DB199372700027DE51 /* WKTPointM.m */; };
		A19C70E5199372700027DE51 /* WKTPolygon.m in Sources */ = {isa = PBXBuildFile; fileRef = A19C70DD199372700027DE51 /* WKTPolygon.m */; };
		A19C70E6199372700027DE51 /* WKTPolygonM.m in Sources */ = {isa = PBXBuildFile; fileRef = A19C70DF199372700027DE51 /* WKTPolygonM.m */; };
		A19C70EA199373EF0027DE51 /* WKTStringTest.m in Sources */ = {isa = PBXBuildFile; fileRef = A19C70E9199373EF0027DE51 /* WKTStringTest.m */; };
		A1F323E9198D44D200D3FF4A /* Foundation.framework in Frameworks */ = {isa = PBXBuildFile; fileRef = A1F323E8198D44D200D3FF4A /* Foundation.framework */; };
		A1F323EB198D44D200D3FF4A /* CoreGraphics.framework in Frameworks */ = {isa = PBXBuildFile; fileRef = A1F323EA198D44D200D3FF4A /* CoreGraphics.framework */; };
		A1F323ED198D44D200D3FF4A /* UIKit.framework in Frameworks */ = {isa = PBXBuildFile; fileRef = A1F323EC198D44D200D3FF4A /* UIKit.framework */; };
		A1F323F3198D44D200D3FF4A /* InfoPlist.strings in Resources */ = {isa = PBXBuildFile; fileRef = A1F323F1198D44D200D3FF4A /* InfoPlist.strings */; };
		A1F323F5198D44D200D3FF4A /* main.m in Sources */ = {isa = PBXBuildFile; fileRef = A1F323F4198D44D200D3FF4A /* main.m */; };
		A1F323F9198D44D200D3FF4A /* AppDelegate.m in Sources */ = {isa = PBXBuildFile; fileRef = A1F323F8198D44D200D3FF4A /* AppDelegate.m */; };
		A1F323FB198D44D200D3FF4A /* Images.xcassets in Resources */ = {isa = PBXBuildFile; fileRef = A1F323FA198D44D200D3FF4A /* Images.xcassets */; };
		A1F32402198D44D200D3FF4A /* XCTest.framework in Frameworks */ = {isa = PBXBuildFile; fileRef = A1F32401198D44D200D3FF4A /* XCTest.framework */; };
		A1F32403198D44D200D3FF4A /* Foundation.framework in Frameworks */ = {isa = PBXBuildFile; fileRef = A1F323E8198D44D200D3FF4A /* Foundation.framework */; };
		A1F32404198D44D200D3FF4A /* UIKit.framework in Frameworks */ = {isa = PBXBuildFile; fileRef = A1F323EC198D44D200D3FF4A /* UIKit.framework */; };
		A1F3240C198D44D200D3FF4A /* InfoPlist.strings in Resources */ = {isa = PBXBuildFile; fileRef = A1F3240A198D44D200D3FF4A /* InfoPlist.strings */; };
/* End PBXBuildFile section */

/* Begin PBXContainerItemProxy section */
		A1F32405198D44D200D3FF4A /* PBXContainerItemProxy */ = {
			isa = PBXContainerItemProxy;
			containerPortal = A1F323DD198D44D200D3FF4A /* Project object */;
			proxyType = 1;
			remoteGlobalIDString = A1F323E4198D44D200D3FF4A;
			remoteInfo = WKTParser;
		};
/* End PBXContainerItemProxy section */

/* Begin PBXFileReference section */
		A19C70CC1993724F0027DE51 /* WKTParser.h */ = {isa = PBXFileReference; fileEncoding = 4; lastKnownFileType = sourcecode.c.h; name = WKTParser.h; path = Library/WKTParser.h; sourceTree = "<group>"; };
		A19C70CD1993724F0027DE51 /* WKTParser.m */ = {isa = PBXFileReference; fileEncoding = 4; lastKnownFileType = sourcecode.c.objc; name = WKTParser.m; path = Library/WKTParser.m; sourceTree = "<group>"; };
		A19C70CE1993724F0027DE51 /* WKTString.h */ = {isa = PBXFileReference; fileEncoding = 4; lastKnownFileType = sourcecode.c.h; name = WKTString.h; path = Library/WKTString.h; sourceTree = "<group>"; };
		A19C70CF1993724F0027DE51 /* WKTString.m */ = {isa = PBXFileReference; fileEncoding = 4; lastKnownFileType = sourcecode.c.objc; name = WKTString.m; path = Library/WKTString.m; sourceTree = "<group>"; };
		A19C70D2199372700027DE51 /* WKTGeometry.h */ = {isa = PBXFileReference; fileEncoding = 4; lastKnownFileType = sourcecode.c.h; name = WKTGeometry.h; path = Library/WKTGeometry.h; sourceTree = "<group>"; };
		A19C70D3199372700027DE51 /* WKTGeometry.m */ = {isa = PBXFileReference; fileEncoding = 4; lastKnownFileType = sourcecode.c.objc; name = WKTGeometry.m; path = Library/WKTGeometry.m; sourceTree = "<group>"; };
		A19C70D4199372700027DE51 /* WKTLine.h */ = {isa = PBXFileReference; fileEncoding = 4; lastKnownFileType = sourcecode.c.h; name = WKTLine.h; path = Library/WKTLine.h; sourceTree = "<group>"; };
		A19C70D5199372700027DE51 /* WKTLine.m */ = {isa = PBXFileReference; fileEncoding = 4; lastKnownFileType = sourcecode.c.objc; name = WKTLine.m; path = Library/WKTLine.m; sourceTree = "<group>"; };
		A19C70D6199372700027DE51 /* WKTLineM.h */ = {isa = PBXFileReference; fileEncoding = 4; lastKnownFileType = sourcecode.c.h; name = WKTLineM.h; path = Library/WKTLineM.h; sourceTree = "<group>"; };
		A19C70D7199372700027DE51 /* WKTLineM.m */ = {isa = PBXFileReference; fileEncoding = 4; lastKnownFileType = sourcecode.c.objc; name = WKTLineM.m; path = Library/WKTLineM.m; sourceTree = "<group>"; };
		A19C70D8199372700027DE51 /* WKTPoint.h */ = {isa = PBXFileReference; fileEncoding = 4; lastKnownFileType = sourcecode.c.h; name = WKTPoint.h; path = Library/WKTPoint.h; sourceTree = "<group>"; };
		A19C70D9199372700027DE51 /* WKTPoint.m */ = {isa = PBXFileReference; fileEncoding = 4; lastKnownFileType = sourcecode.c.objc; name = WKTPoint.m; path = Library/WKTPoint.m; sourceTree = "<group>"; };
		A19C70DA199372700027DE51 /* WKTPointM.h */ = {isa = PBXFileReference; fileEncoding = 4; lastKnownFileType = sourcecode.c.h; name = WKTPointM.h; path = Library/WKTPointM.h; sourceTree = "<group>"; };
		A19C70DB199372700027DE51 /* WKTPointM.m */ = {isa = PBXFileReference; fileEncoding = 4; lastKnownFileType = sourcecode.c.objc; name = WKTPointM.m; path = Library/WKTPointM.m; sourceTree = "<group>"; };
		A19C70DC199372700027DE51 /* WKTPolygon.h */ = {isa = PBXFileReference; fileEncoding = 4; lastKnownFileType = sourcecode.c.h; name = WKTPolygon.h; path = Library/WKTPolygon.h; sourceTree = "<group>"; };
		A19C70DD199372700027DE51 /* WKTPolygon.m */ = {isa = PBXFileReference; fileEncoding = 4; lastKnownFileType = sourcecode.c.objc; name = WKTPolygon.m; path = Library/WKTPolygon.m; sourceTree = "<group>"; };
		A19C70DE199372700027DE51 /* WKTPolygonM.h */ = {isa = PBXFileReference; fileEncoding = 4; lastKnownFileType = sourcecode.c.h; name = WKTPolygonM.h; path = Library/WKTPolygonM.h; sourceTree = "<group>"; };
		A19C70DF199372700027DE51 /* WKTPolygonM.m */ = {isa = PBXFileReference; fileEncoding = 4; lastKnownFileType = sourcecode.c.objc; name = WKTPolygonM.m; path = Library/WKTPolygonM.m; sourceTree = "<group>"; };
		A19C70E9199373EF0027DE51 /* WKTStringTest.m */ = {isa = PBXFileReference; fileEncoding = 4; lastKnownFileType = sourcecode.c.objc; path = WKTStringTest.m; sourceTree = "<group>"; };
		A1F323E5198D44D200D3FF4A /* WKTParser.app */ = {isa = PBXFileReference; explicitFileType = wrapper.application; includeInIndex = 0; path = WKTParser.app; sourceTree = BUILT_PRODUCTS_DIR; };
		A1F323E8198D44D200D3FF4A /* Foundation.framework */ = {isa = PBXFileReference; lastKnownFileType = wrapper.framework; name = Foundation.framework; path = System/Library/Frameworks/Foundation.framework; sourceTree = SDKROOT; };
		A1F323EA198D44D200D3FF4A /* CoreGraphics.framework */ = {isa = PBXFileReference; lastKnownFileType = wrapper.framework; name = CoreGraphics.framework; path = System/Library/Frameworks/CoreGraphics.framework; sourceTree = SDKROOT; };
		A1F323EC198D44D200D3FF4A /* UIKit.framework */ = {isa = PBXFileReference; lastKnownFileType = wrapper.framework; name = UIKit.framework; path = System/Library/Frameworks/UIKit.framework; sourceTree = SDKROOT; };
		A1F323F0198D44D200D3FF4A /* WKTParser-Info.plist */ = {isa = PBXFileReference; lastKnownFileType = text.plist.xml; path = "WKTParser-Info.plist"; sourceTree = "<group>"; };
		A1F323F2198D44D200D3FF4A /* en */ = {isa = PBXFileReference; lastKnownFileType = text.plist.strings; name = en; path = en.lproj/InfoPlist.strings; sourceTree = "<group>"; };
		A1F323F4198D44D200D3FF4A /* main.m */ = {isa = PBXFileReference; lastKnownFileType = sourcecode.c.objc; path = main.m; sourceTree = "<group>"; };
		A1F323F6198D44D200D3FF4A /* WKTParser-Prefix.pch */ = {isa = PBXFileReference; lastKnownFileType = sourcecode.c.h; path = "WKTParser-Prefix.pch"; sourceTree = "<group>"; };
		A1F323F7198D44D200D3FF4A /* AppDelegate.h */ = {isa = PBXFileReference; lastKnownFileType = sourcecode.c.h; path = AppDelegate.h; sourceTree = "<group>"; };
		A1F323F8198D44D200D3FF4A /* AppDelegate.m */ = {isa = PBXFileReference; lastKnownFileType = sourcecode.c.objc; path = AppDelegate.m; sourceTree = "<group>"; };
		A1F323FA198D44D200D3FF4A /* Images.xcassets */ = {isa = PBXFileReference; lastKnownFileType = folder.assetcatalog; path = Images.xcassets; sourceTree = "<group>"; };
		A1F32400198D44D200D3FF4A /* WKTParserTests.xctest */ = {isa = PBXFileReference; explicitFileType = wrapper.cfbundle; includeInIndex = 0; path = WKTParserTests.xctest; sourceTree = BUILT_PRODUCTS_DIR; };
		A1F32401198D44D200D3FF4A /* XCTest.framework */ = {isa = PBXFileReference; lastKnownFileType = wrapper.framework; name = XCTest.framework; path = Library/Frameworks/XCTest.framework; sourceTree = DEVELOPER_DIR; };
		A1F32409198D44D200D3FF4A /* WKTParserTests-Info.plist */ = {isa = PBXFileReference; lastKnownFileType = text.plist.xml; path = "WKTParserTests-Info.plist"; sourceTree = "<group>"; };
		A1F3240B198D44D200D3FF4A /* en */ = {isa = PBXFileReference; lastKnownFileType = text.plist.strings; name = en; path = en.lproj/InfoPlist.strings; sourceTree = "<group>"; };
/* End PBXFileReference section */

/* Begin PBXFrameworksBuildPhase section */
		A1F323E2198D44D200D3FF4A /* Frameworks */ = {
			isa = PBXFrameworksBuildPhase;
			buildActionMask = 2147483647;
			files = (
				A1F323EB198D44D200D3FF4A /* CoreGraphics.framework in Frameworks */,
				A1F323ED198D44D200D3FF4A /* UIKit.framework in Frameworks */,
				A1F323E9198D44D200D3FF4A /* Foundation.framework in Frameworks */,
			);
			runOnlyForDeploymentPostprocessing = 0;
		};
		A1F323FD198D44D200D3FF4A /* Frameworks */ = {
			isa = PBXFrameworksBuildPhase;
			buildActionMask = 2147483647;
			files = (
				A1F32402198D44D200D3FF4A /* XCTest.framework in Frameworks */,
				A1F32404198D44D200D3FF4A /* UIKit.framework in Frameworks */,
				A1F32403198D44D200D3FF4A /* Foundation.framework in Frameworks */,
			);
			runOnlyForDeploymentPostprocessing = 0;
		};
/* End PBXFrameworksBuildPhase section */

/* Begin PBXGroup section */
		A12FEA5F198F7BC1009B8C6D /* Library Support */ = {
			isa = PBXGroup;
			children = (
				A19C70D2199372700027DE51 /* WKTGeometry.h */,
				A19C70D3199372700027DE51 /* WKTGeometry.m */,
				A19C70D4199372700027DE51 /* WKTLine.h */,
				A19C70D5199372700027DE51 /* WKTLine.m */,
				A19C70D6199372700027DE51 /* WKTLineM.h */,
				A19C70D7199372700027DE51 /* WKTLineM.m */,
				A19C70D8199372700027DE51 /* WKTPoint.h */,
				A19C70D9199372700027DE51 /* WKTPoint.m */,
				A19C70DA199372700027DE51 /* WKTPointM.h */,
				A19C70DB199372700027DE51 /* WKTPointM.m */,
				A19C70DC199372700027DE51 /* WKTPolygon.h */,
				A19C70DD199372700027DE51 /* WKTPolygon.m */,
				A19C70DE199372700027DE51 /* WKTPolygonM.h */,
				A19C70DF199372700027DE51 /* WKTPolygonM.m */,
			);
			name = "Library Support";
			sourceTree = "<group>";
		};
		A1DACBBD198D496C00943BB3 /* Library */ = {
			isa = PBXGroup;
			children = (
				A19C70CC1993724F0027DE51 /* WKTParser.h */,
				A19C70CD1993724F0027DE51 /* WKTParser.m */,
				A19C70CE1993724F0027DE51 /* WKTString.h */,
				A19C70CF1993724F0027DE51 /* WKTString.m */,
			);
			name = Library;
			sourceTree = "<group>";
		};
		A1F323DC198D44D200D3FF4A = {
			isa = PBXGroup;
			children = (
				A1F323EE198D44D200D3FF4A /* WKTParser */,
				A1F32407198D44D200D3FF4A /* WKTParserTests */,
				A1F323E7198D44D200D3FF4A /* Frameworks */,
				A1F323E6198D44D200D3FF4A /* Products */,
			);
			sourceTree = "<group>";
		};
		A1F323E6198D44D200D3FF4A /* Products */ = {
			isa = PBXGroup;
			children = (
				A1F323E5198D44D200D3FF4A /* WKTParser.app */,
				A1F32400198D44D200D3FF4A /* WKTParserTests.xctest */,
			);
			name = Products;
			sourceTree = "<group>";
		};
		A1F323E7198D44D200D3FF4A /* Frameworks */ = {
			isa = PBXGroup;
			children = (
				A1F323E8198D44D200D3FF4A /* Foundation.framework */,
				A1F323EA198D44D200D3FF4A /* CoreGraphics.framework */,
				A1F323EC198D44D200D3FF4A /* UIKit.framework */,
				A1F32401198D44D200D3FF4A /* XCTest.framework */,
			);
			name = Frameworks;
			sourceTree = "<group>";
		};
		A1F323EE198D44D200D3FF4A /* WKTParser */ = {
			isa = PBXGroup;
			children = (
				A1F323F7198D44D200D3FF4A /* AppDelegate.h */,
				A1F323F8198D44D200D3FF4A /* AppDelegate.m */,
				A1F323FA198D44D200D3FF4A /* Images.xcassets */,
				A1F323EF198D44D200D3FF4A /* Supporting Files */,
				A1DACBBD198D496C00943BB3 /* Library */,
				A12FEA5F198F7BC1009B8C6D /* Library Support */,
			);
			path = WKTParser;
			sourceTree = "<group>";
		};
		A1F323EF198D44D200D3FF4A /* Supporting Files */ = {
			isa = PBXGroup;
			children = (
				A1F323F0198D44D200D3FF4A /* WKTParser-Info.plist */,
				A1F323F1198D44D200D3FF4A /* InfoPlist.strings */,
				A1F323F4198D44D200D3FF4A /* main.m */,
				A1F323F6198D44D200D3FF4A /* WKTParser-Prefix.pch */,
			);
			name = "Supporting Files";
			sourceTree = "<group>";
		};
		A1F32407198D44D200D3FF4A /* WKTParserTests */ = {
			isa = PBXGroup;
			children = (
				A19C70E9199373EF0027DE51 /* WKTStringTest.m */,
				A1F32408198D44D200D3FF4A /* Supporting Files */,
			);
			path = WKTParserTests;
			sourceTree = "<group>";
		};
		A1F32408198D44D200D3FF4A /* Supporting Files */ = {
			isa = PBXGroup;
			children = (
				A1F32409198D44D200D3FF4A /* WKTParserTests-Info.plist */,
				A1F3240A198D44D200D3FF4A /* InfoPlist.strings */,
			);
			name = "Supporting Files";
			sourceTree = "<group>";
		};
/* End PBXGroup section */

/* Begin PBXNativeTarget section */
		A1F323E4198D44D200D3FF4A /* WKTParser */ = {
			isa = PBXNativeTarget;
			buildConfigurationList = A1F32411198D44D200D3FF4A /* Build configuration list for PBXNativeTarget "WKTParser" */;
			buildPhases = (
				A1F323E1198D44D200D3FF4A /* Sources */,
				A1F323E2198D44D200D3FF4A /* Frameworks */,
				A1F323E3198D44D200D3FF4A /* Resources */,
			);
			buildRules = (
			);
			dependencies = (
			);
			name = WKTParser;
			productName = WKTParser;
			productReference = A1F323E5198D44D200D3FF4A /* WKTParser.app */;
			productType = "com.apple.product-type.application";
		};
		A1F323FF198D44D200D3FF4A /* WKTParserTests */ = {
			isa = PBXNativeTarget;
			buildConfigurationList = A1F32414198D44D200D3FF4A /* Build configuration list for PBXNativeTarget "WKTParserTests" */;
			buildPhases = (
				A1F323FC198D44D200D3FF4A /* Sources */,
				A1F323FD198D44D200D3FF4A /* Frameworks */,
				A1F323FE198D44D200D3FF4A /* Resources */,
			);
			buildRules = (
			);
			dependencies = (
				A1F32406198D44D200D3FF4A /* PBXTargetDependency */,
			);
			name = WKTParserTests;
			productName = WKTParserTests;
			productReference = A1F32400198D44D200D3FF4A /* WKTParserTests.xctest */;
			productType = "com.apple.product-type.bundle.unit-test";
		};
/* End PBXNativeTarget section */

/* Begin PBXProject section */
		A1F323DD198D44D200D3FF4A /* Project object */ = {
			isa = PBXProject;
			attributes = {
				LastUpgradeCheck = 0510;
				ORGANIZATIONNAME = "Alejandro F. Carrera";
				TargetAttributes = {
					A1F323E4198D44D200D3FF4A = {
						DevelopmentTeam = Y28S7RK563;
					};
					A1F323FF198D44D200D3FF4A = {
						TestTargetID = A1F323E4198D44D200D3FF4A;
					};
				};
			};
			buildConfigurationList = A1F323E0198D44D200D3FF4A /* Build configuration list for PBXProject "WKTParser" */;
			compatibilityVersion = "Xcode 3.2";
			developmentRegion = English;
			hasScannedForEncodings = 0;
			knownRegions = (
				en,
			);
			mainGroup = A1F323DC198D44D200D3FF4A;
			productRefGroup = A1F323E6198D44D200D3FF4A /* Products */;
			projectDirPath = "";
			projectRoot = "";
			targets = (
				A1F323E4198D44D200D3FF4A /* WKTParser */,
				A1F323FF198D44D200D3FF4A /* WKTParserTests */,
			);
		};
/* End PBXProject section */

/* Begin PBXResourcesBuildPhase section */
		A1F323E3198D44D200D3FF4A /* Resources */ = {
			isa = PBXResourcesBuildPhase;
			buildActionMask = 2147483647;
			files = (
				A1F323F3198D44D200D3FF4A /* InfoPlist.strings in Resources */,
				A1F323FB198D44D200D3FF4A /* Images.xcassets in Resources */,
			);
			runOnlyForDeploymentPostprocessing = 0;
		};
		A1F323FE198D44D200D3FF4A /* Resources */ = {
			isa = PBXResourcesBuildPhase;
			buildActionMask = 2147483647;
			files = (
				A1F3240C198D44D200D3FF4A /* InfoPlist.strings in Resources */,
			);
			runOnlyForDeploymentPostprocessing = 0;
		};
/* End PBXResourcesBuildPhase section */

/* Begin PBXSourcesBuildPhase section */
		A1F323E1198D44D200D3FF4A /* Sources */ = {
			isa = PBXSourcesBuildPhase;
			buildActionMask = 2147483647;
			files = (
				A19C70E0199372700027DE51 /* WKTGeometry.m in Sources */,
				A1F323F9198D44D200D3FF4A /* AppDelegate.m in Sources */,
				A19C70D11993724F0027DE51 /* WKTString.m in Sources */,
				A19C70D01993724F0027DE51 /* WKTParser.m in Sources */,
				A19C70E4199372700027DE51 /* WKTPointM.m in Sources */,
				A19C70E2199372700027DE51 /* WKTLineM.m in Sources */,
				A19C70E3199372700027DE51 /* WKTPoint.m in Sources */,
				A19C70E5199372700027DE51 /* WKTPolygon.m in Sources */,
				A19C70E6199372700027DE51 /* WKTPolygonM.m in Sources */,
				A19C70E1199372700027DE51 /* WKTLine.m in Sources */,
				A1F323F5198D44D200D3FF4A /* main.m in Sources */,
			);
			runOnlyForDeploymentPostprocessing = 0;
		};
		A1F323FC198D44D200D3FF4A /* Sources */ = {
			isa = PBXSourcesBuildPhase;
			buildActionMask = 2147483647;
			files = (
				A19C70EA199373EF0027DE51 /* WKTStringTest.m in Sources */,
			);
			runOnlyForDeploymentPostprocessing = 0;
		};
/* End PBXSourcesBuildPhase section */

/* Begin PBXTargetDependency section */
		A1F32406198D44D200D3FF4A /* PBXTargetDependency */ = {
			isa = PBXTargetDependency;
			target = A1F323E4198D44D200D3FF4A /* WKTParser */;
			targetProxy = A1F32405198D44D200D3FF4A /* PBXContainerItemProxy */;
		};
/* End PBXTargetDependency section */

/* Begin PBXVariantGroup section */
		A1F323F1198D44D200D3FF4A /* InfoPlist.strings */ = {
			isa = PBXVariantGroup;
			children = (
				A1F323F2198D44D200D3FF4A /* en */,
			);
			name = InfoPlist.strings;
			sourceTree = "<group>";
		};
		A1F3240A198D44D200D3FF4A /* InfoPlist.strings */ = {
			isa = PBXVariantGroup;
			children = (
				A1F3240B198D44D200D3FF4A /* en */,
			);
			name = InfoPlist.strings;
			sourceTree = "<group>";
		};
/* End PBXVariantGroup section */

/* Begin XCBuildConfiguration section */
		A1F3240F198D44D200D3FF4A /* Debug */ = {
			isa = XCBuildConfiguration;
			buildSettings = {
				ALWAYS_SEARCH_USER_PATHS = NO;
				CLANG_CXX_LANGUAGE_STANDARD = "gnu++0x";
				CLANG_CXX_LIBRARY = "libc++";
				CLANG_ENABLE_MODULES = YES;
				CLANG_ENABLE_OBJC_ARC = YES;
				CLANG_WARN_BOOL_CONVERSION = YES;
				CLANG_WARN_CONSTANT_CONVERSION = YES;
				CLANG_WARN_DIRECT_OBJC_ISA_USAGE = YES_ERROR;
				CLANG_WARN_EMPTY_BODY = YES;
				CLANG_WARN_ENUM_CONVERSION = YES;
				CLANG_WARN_INT_CONVERSION = YES;
				CLANG_WARN_OBJC_ROOT_CLASS = YES_ERROR;
				CLANG_WARN__DUPLICATE_METHOD_MATCH = YES;
				"CODE_SIGN_IDENTITY[sdk=iphoneos*]" = "iPhone Developer";
				COPY_PHASE_STRIP = NO;
				GCC_C_LANGUAGE_STANDARD = gnu99;
				GCC_DYNAMIC_NO_PIC = NO;
				GCC_OPTIMIZATION_LEVEL = 0;
				GCC_PREPROCESSOR_DEFINITIONS = (
					"DEBUG=1",
					"$(inherited)",
				);
				GCC_SYMBOLS_PRIVATE_EXTERN = NO;
				GCC_WARN_64_TO_32_BIT_CONVERSION = YES;
				GCC_WARN_ABOUT_RETURN_TYPE = YES_ERROR;
				GCC_WARN_UNDECLARED_SELECTOR = YES;
				GCC_WARN_UNINITIALIZED_AUTOS = YES_AGGRESSIVE;
				GCC_WARN_UNUSED_FUNCTION = YES;
				GCC_WARN_UNUSED_VARIABLE = YES;
				IPHONEOS_DEPLOYMENT_TARGET = 7.1;
				ONLY_ACTIVE_ARCH = YES;
				SDKROOT = iphoneos;
			};
			name = Debug;
		};
		A1F32410198D44D200D3FF4A /* Release */ = {
			isa = XCBuildConfiguration;
			buildSettings = {
				ALWAYS_SEARCH_USER_PATHS = NO;
				CLANG_CXX_LANGUAGE_STANDARD = "gnu++0x";
				CLANG_CXX_LIBRARY = "libc++";
				CLANG_ENABLE_MODULES = YES;
				CLANG_ENABLE_OBJC_ARC = YES;
				CLANG_WARN_BOOL_CONVERSION = YES;
				CLANG_WARN_CONSTANT_CONVERSION = YES;
				CLANG_WARN_DIRECT_OBJC_ISA_USAGE = YES_ERROR;
				CLANG_WARN_EMPTY_BODY = YES;
				CLANG_WARN_ENUM_CONVERSION = YES;
				CLANG_WARN_INT_CONVERSION = YES;
				CLANG_WARN_OBJC_ROOT_CLASS = YES_ERROR;
				CLANG_WARN__DUPLICATE_METHOD_MATCH = YES;
				"CODE_SIGN_IDENTITY[sdk=iphoneos*]" = "iPhone Developer";
				COPY_PHASE_STRIP = YES;
				ENABLE_NS_ASSERTIONS = NO;
				GCC_C_LANGUAGE_STANDARD = gnu99;
				GCC_WARN_64_TO_32_BIT_CONVERSION = YES;
				GCC_WARN_ABOUT_RETURN_TYPE = YES_ERROR;
				GCC_WARN_UNDECLARED_SELECTOR = YES;
				GCC_WARN_UNINITIALIZED_AUTOS = YES_AGGRESSIVE;
				GCC_WARN_UNUSED_FUNCTION = YES;
				GCC_WARN_UNUSED_VARIABLE = YES;
				IPHONEOS_DEPLOYMENT_TARGET = 7.1;
				SDKROOT = iphoneos;
				VALIDATE_PRODUCT = YES;
			};
			name = Release;
		};
		A1F32412198D44D200D3FF4A /* Debug */ = {
			isa = XCBuildConfiguration;
			buildSettings = {
				ASSETCATALOG_COMPILER_APPICON_NAME = AppIcon;
				ASSETCATALOG_COMPILER_LAUNCHIMAGE_NAME = LaunchImage;
				"CODE_SIGN_IDENTITY[sdk=iphoneos*]" = "";
				GCC_PRECOMPILE_PREFIX_HEADER = YES;
				GCC_PREFIX_HEADER = "WKTParser/WKTParser-Prefix.pch";
				INFOPLIST_FILE = "WKTParser/WKTParser-Info.plist";
				IPHONEOS_DEPLOYMENT_TARGET = 5.0;
				ONLY_ACTIVE_ARCH = NO;
				PRODUCT_NAME = "$(TARGET_NAME)";
				WRAPPER_EXTENSION = app;
			};
			name = Debug;
		};
		A1F32413198D44D200D3FF4A /* Release */ = {
			isa = XCBuildConfiguration;
			buildSettings = {
				ASSETCATALOG_COMPILER_APPICON_NAME = AppIcon;
				ASSETCATALOG_COMPILER_LAUNCHIMAGE_NAME = LaunchImage;
				"CODE_SIGN_IDENTITY[sdk=iphoneos*]" = "";
				GCC_PRECOMPILE_PREFIX_HEADER = YES;
				GCC_PREFIX_HEADER = "WKTParser/WKTParser-Prefix.pch";
				INFOPLIST_FILE = "WKTParser/WKTParser-Info.plist";
				IPHONEOS_DEPLOYMENT_TARGET = 5.0;
				ONLY_ACTIVE_ARCH = NO;
				PRODUCT_NAME = "$(TARGET_NAME)";
				WRAPPER_EXTENSION = app;
			};
			name = Release;
		};
		A1F32415198D44D200D3FF4A /* Debug */ = {
			isa = XCBuildConfiguration;
			buildSettings = {
				BUNDLE_LOADER = "$(BUILT_PRODUCTS_DIR)/WKTParser.app/WKTParser";
				FRAMEWORK_SEARCH_PATHS = (
					"$(SDKROOT)/Developer/Library/Frameworks",
					"$(inherited)",
					"$(DEVELOPER_FRAMEWORKS_DIR)",
				);
				GCC_PRECOMPILE_PREFIX_HEADER = YES;
				GCC_PREFIX_HEADER = "WKTParser/WKTParser-Prefix.pch";
				GCC_PREPROCESSOR_DEFINITIONS = (
					"DEBUG=1",
					"$(inherited)",
				);
				INFOPLIST_FILE = "WKTParserTests/WKTParserTests-Info.plist";
				PRODUCT_NAME = "$(TARGET_NAME)";
				TEST_HOST = "$(BUNDLE_LOADER)";
				WRAPPER_EXTENSION = xctest;
			};
			name = Debug;
		};
		A1F32416198D44D200D3FF4A /* Release */ = {
			isa = XCBuildConfiguration;
			buildSettings = {
				BUNDLE_LOADER = "$(BUILT_PRODUCTS_DIR)/WKTParser.app/WKTParser";
				FRAMEWORK_SEARCH_PATHS = (
					"$(SDKROOT)/Developer/Library/Frameworks",
					"$(inherited)",
					"$(DEVELOPER_FRAMEWORKS_DIR)",
				);
				GCC_PRECOMPILE_PREFIX_HEADER = YES;
				GCC_PREFIX_HEADER = "WKTParser/WKTParser-Prefix.pch";
				INFOPLIST_FILE = "WKTParserTests/WKTParserTests-Info.plist";
				PRODUCT_NAME = "$(TARGET_NAME)";
				TEST_HOST = "$(BUNDLE_LOADER)";
				WRAPPER_EXTENSION = xctest;
			};
			name = Release;
		};
/* End XCBuildConfiguration section */

/* Begin XCConfigurationList section */
		A1F323E0198D44D200D3FF4A /* Build configuration list for PBXProject "WKTParser" */ = {
			isa = XCConfigurationList;
			buildConfigurations = (
				A1F3240F198D44D200D3FF4A /* Debug */,
				A1F32410198D44D200D3FF4A /* Release */,
			);
			defaultConfigurationIsVisible = 0;
			defaultConfigurationName = Release;
		};
		A1F32411198D44D200D3FF4A /* Build configuration list for PBXNativeTarget "WKTParser" */ = {
			isa = XCConfigurationList;
			buildConfigurations = (
				A1F32412198D44D200D3FF4A /* Debug */,
				A1F32413198D44D200D3FF4A /* Release */,
			);
			defaultConfigurationIsVisible = 0;
			defaultConfigurationName = Release;
		};
		A1F32414198D44D200D3FF4A /* Build configuration list for PBXNativeTarget "WKTParserTests" */ = {
			isa = XCConfigurationList;
			buildConfigurations = (
				A1F32415198D44D200D3FF4A /* Debug */,
				A1F32416198D44D200D3FF4A /* Release */,
			);
			defaultConfigurationIsVisible = 0;
			defaultConfigurationName = Release;
		};
/* End XCConfigurationList section */
	};
	rootObject = A1F323DD198D44D200D3FF4A /* Project object */;
}
